
Microsoft Visual Studio Solution File, Format Version 12.00
# Visual Studio Version 16
VisualStudioVersion = 16.0.28917.181
MinimumVisualStudioVersion = 10.0.40219.1
Project("{FAE04EC0-301F-11D3-BF4B-00C04F79EFBC}") = "ConsoleApp3", "ConsoleApp3\ConsoleApp3.csproj", "{84CF5DF5-1719-451B-A903-C04606BD4C25}"
EndProject
Global
	GlobalSection(SolutionConfigurationPlatforms) = preSolution
		Debug|Any CPU = Debug|Any CPU
		Release|Any CPU = Release|Any CPU
	EndGlobalSection
	GlobalSection(ProjectConfigurationPlatforms) = postSolution
		{84CF5DF5-1719-451B-A903-C04606BD4C25}.Debug|Any CPU.ActiveCfg = Debug|Any CPU
		{84CF5DF5-1719-451B-A903-C04606BD4C25}.Debug|Any CPU.Build.0 = Debug|Any CPU
		{84CF5DF5-1719-451B-A903-C04606BD4C25}.Release|Any CPU.ActiveCfg = Release|Any CPU
		{84CF5DF5-1719-451B-A903-C04606BD4C25}.Release|Any CPU.Build.0 = Release|Any CPU
	EndGlobalSection
	GlobalSection(SolutionProperties) = preSolution
		HideSolutionNode = FALSE
	EndGlobalSection
	GlobalSection(ExtensibilityGlobals) = postSolution
		SolutionGuid = {BDF280BF-BD55-47DB-B811-3F9AE0FF0B70}
	EndGlobalSection
EndGlobal
